PODS:
  - Nimble (5.0.0)
  - Quick (0.9.3)
  - Stella (0.4.1)

DEPENDENCIES:
  - Nimble (~> 5.0.0)
  - Quick (from `https://github.com/Quick/Quick.git`)
  - Stella (from `../`)

EXTERNAL SOURCES:
  Quick:
    :git: https://github.com/Quick/Quick.git
  Stella:
    :path: "../"

CHECKOUT OPTIONS:
  Quick:
    :commit: e72d6dc86bea6b0200a54c86820a6407cf20ebb0
    :git: https://github.com/Quick/Quick.git

SPEC CHECKSUMS:
  Nimble: 56fc9f5020effa2206de22c3dd910f4fb011b92f
  Quick: 31fb576b6cbb6b028cc5e0016e4366accbb346f5
  Stella: d158572e518e4254ab00dba7e7786995b961a695

PODFILE CHECKSUM: 466bb3d2df25b7054d71c047a2b100966a76801f

COCOAPODS: 1.0.1
