PODS:
  - Keychain (0.3.1)
  - Nimble (7.0.3)
  - Quick (1.2.0)
  - Stella (1.1.2)

DEPENDENCIES:
  - Keychain (~> 0.3)
  - Nimble (~> 7.0.3)
  - Quick (~> 1.2.0)
  - Stella (from `../`)

EXTERNAL SOURCES:
  Stella:
    :path: ../

SPEC CHECKSUMS:
  Keychain: ef812eafcf6593fe4409b07cfecc00b95fb373ed
  Nimble: 7f5a9c447a33002645a071bddafbfb24ea70e0ac
  Quick: 58d203b1c5e27fff7229c4c1ae445ad7069a7a08
  Stella: 6147911a29e77ce4099d86c535dc9e2883a8935a

PODFILE CHECKSUM: 6ede4d25893382200bac03450e9f717dcea65cf2

COCOAPODS: 1.3.1
