// !$*UTF8*$!
{
	archiveVersion = 1;
	classes = {
	};
	objectVersion = 50;
	objects = {

/* Begin PBXBuildFile section */
		9D9F41AF2273676E00A4A518 /* Stella.h in Headers */ = {isa = PBXBuildFile; fileRef = 9D9F41AD2273676E00A4A518 /* Stella.h */; settings = {ATTRIBUTES = (Public, ); }; };
		9D9F41D4227367E100A4A518 /* CALayer+Shadow.swift in Sources */ = {isa = PBXBuildFile; fileRef = 9D9F41BB227367E100A4A518 /* CALayer+Shadow.swift */; };
		9D9F41D5227367E100A4A518 /* UIViewController+Child.swift in Sources */ = {isa = PBXBuildFile; fileRef = 9D9F41BC227367E100A4A518 /* UIViewController+Child.swift */; };
		9D9F41D6227367E100A4A518 /* Array+Remove.swift in Sources */ = {isa = PBXBuildFile; fileRef = 9D9F41BD227367E100A4A518 /* Array+Remove.swift */; };
		9D9F41D7227367E100A4A518 /* UIViewController+Storyboard.swift in Sources */ = {isa = PBXBuildFile; fileRef = 9D9F41BE227367E100A4A518 /* UIViewController+Storyboard.swift */; };
		9D9F41D8227367E100A4A518 /* URL+Optional.swift in Sources */ = {isa = PBXBuildFile; fileRef = 9D9F41BF227367E100A4A518 /* URL+Optional.swift */; };
		9D9F41D9227367E100A4A518 /* Array+Unique.swift in Sources */ = {isa = PBXBuildFile; fileRef = 9D9F41C0227367E100A4A518 /* Array+Unique.swift */; };
		9D9F41DA227367E100A4A518 /* UITableView+Reuse.swift in Sources */ = {isa = PBXBuildFile; fileRef = 9D9F41C1227367E100A4A518 /* UITableView+Reuse.swift */; };
		9D9F41DB227367E100A4A518 /* Array+Truncate.swift in Sources */ = {isa = PBXBuildFile; fileRef = 9D9F41C2227367E100A4A518 /* Array+Truncate.swift */; };
		9D9F41DC227367E100A4A518 /* UIView+Constraints.swift in Sources */ = {isa = PBXBuildFile; fileRef = 9D9F41C3227367E100A4A518 /* UIView+Constraints.swift */; };
		9D9F41DD227367E100A4A518 /* UIView+Responder.swift in Sources */ = {isa = PBXBuildFile; fileRef = 9D9F41C4227367E100A4A518 /* UIView+Responder.swift */; };
		9D9F41DE227367E100A4A518 /* Array+Safe.swift in Sources */ = {isa = PBXBuildFile; fileRef = 9D9F41C5227367E100A4A518 /* Array+Safe.swift */; };
		9D9F41DF227367E100A4A518 /* Bundle+Versions.swift in Sources */ = {isa = PBXBuildFile; fileRef = 9D9F41C6227367E100A4A518 /* Bundle+Versions.swift */; };
		9D9F41E0227367E100A4A518 /* Array+Contains.swift in Sources */ = {isa = PBXBuildFile; fileRef = 9D9F41C7227367E100A4A518 /* Array+Contains.swift */; };
		9D9F41E1227367E100A4A518 /* CGFloat+Radians.swift in Sources */ = {isa = PBXBuildFile; fileRef = 9D9F41C8227367E100A4A518 /* CGFloat+Radians.swift */; };
		9D9F41E2227367E100A4A518 /* UIViewController+TopMost.swift in Sources */ = {isa = PBXBuildFile; fileRef = 9D9F41C9227367E100A4A518 /* UIViewController+TopMost.swift */; };
		9D9F41E3227367E100A4A518 /* UIView+Nib.swift in Sources */ = {isa = PBXBuildFile; fileRef = 9D9F41CA227367E100A4A518 /* UIView+Nib.swift */; };
		9D9F41E4227367E100A4A518 /* UIImage+Optional.swift in Sources */ = {isa = PBXBuildFile; fileRef = 9D9F41CB227367E100A4A518 /* UIImage+Optional.swift */; };
		9D9F41E5227367E100A4A518 /* UICollectionView+Reuse.swift in Sources */ = {isa = PBXBuildFile; fileRef = 9D9F41CC227367E100A4A518 /* UICollectionView+Reuse.swift */; };
		9D9F41E6227367E100A4A518 /* UIStackView+Remove.swift in Sources */ = {isa = PBXBuildFile; fileRef = 9D9F41CD227367E100A4A518 /* UIStackView+Remove.swift */; };
		9D9F41E7227367E100A4A518 /* Defaults.swift in Sources */ = {isa = PBXBuildFile; fileRef = 9D9F41CF227367E100A4A518 /* Defaults.swift */; };
		9D9F41E8227367E100A4A518 /* Keychain.swift in Sources */ = {isa = PBXBuildFile; fileRef = 9D9F41D1227367E100A4A518 /* Keychain.swift */; };
		9D9F41E9227367E100A4A518 /* Localization.swift in Sources */ = {isa = PBXBuildFile; fileRef = 9D9F41D3227367E100A4A518 /* Localization.swift */; };
		9D9F41F622736BD000A4A518 /* Stella_Tv.h in Headers */ = {isa = PBXBuildFile; fileRef = 9D9F41F422736BD000A4A518 /* Stella_Tv.h */; settings = {ATTRIBUTES = (Public, ); }; };
		9D9F41FA22736BF000A4A518 /* Defaults.swift in Sources */ = {isa = PBXBuildFile; fileRef = 9D9F41CF227367E100A4A518 /* Defaults.swift */; };
		9D9F41FB22736BF000A4A518 /* Array+Contains.swift in Sources */ = {isa = PBXBuildFile; fileRef = 9D9F41C7227367E100A4A518 /* Array+Contains.swift */; };
		9D9F41FC22736BF000A4A518 /* Array+Remove.swift in Sources */ = {isa = PBXBuildFile; fileRef = 9D9F41BD227367E100A4A518 /* Array+Remove.swift */; };
		9D9F41FD22736BF000A4A518 /* Array+Safe.swift in Sources */ = {isa = PBXBuildFile; fileRef = 9D9F41C5227367E100A4A518 /* Array+Safe.swift */; };
		9D9F41FE22736BF000A4A518 /* Array+Truncate.swift in Sources */ = {isa = PBXBuildFile; fileRef = 9D9F41C2227367E100A4A518 /* Array+Truncate.swift */; };
		9D9F41FF22736BF000A4A518 /* Array+Unique.swift in Sources */ = {isa = PBXBuildFile; fileRef = 9D9F41C0227367E100A4A518 /* Array+Unique.swift */; };
		9D9F420022736BF000A4A518 /* Bundle+Versions.swift in Sources */ = {isa = PBXBuildFile; fileRef = 9D9F41C6227367E100A4A518 /* Bundle+Versions.swift */; };
		9D9F420122736BF000A4A518 /* CALayer+Shadow.swift in Sources */ = {isa = PBXBuildFile; fileRef = 9D9F41BB227367E100A4A518 /* CALayer+Shadow.swift */; };
		9D9F420222736BF000A4A518 /* CGFloat+Radians.swift in Sources */ = {isa = PBXBuildFile; fileRef = 9D9F41C8227367E100A4A518 /* CGFloat+Radians.swift */; };
		9D9F420322736BF000A4A518 /* UICollectionView+Reuse.swift in Sources */ = {isa = PBXBuildFile; fileRef = 9D9F41CC227367E100A4A518 /* UICollectionView+Reuse.swift */; };
		9D9F420422736BF000A4A518 /* UIImage+Optional.swift in Sources */ = {isa = PBXBuildFile; fileRef = 9D9F41CB227367E100A4A518 /* UIImage+Optional.swift */; };
		9D9F420522736BF000A4A518 /* UIStackView+Remove.swift in Sources */ = {isa = PBXBuildFile; fileRef = 9D9F41CD227367E100A4A518 /* UIStackView+Remove.swift */; };
		9D9F420622736BF000A4A518 /* UITableView+Reuse.swift in Sources */ = {isa = PBXBuildFile; fileRef = 9D9F41C1227367E100A4A518 /* UITableView+Reuse.swift */; };
		9D9F420722736BF000A4A518 /* UIView+Constraints.swift in Sources */ = {isa = PBXBuildFile; fileRef = 9D9F41C3227367E100A4A518 /* UIView+Constraints.swift */; };
		9D9F420822736BF000A4A518 /* UIView+Nib.swift in Sources */ = {isa = PBXBuildFile; fileRef = 9D9F41CA227367E100A4A518 /* UIView+Nib.swift */; };
		9D9F420922736BF000A4A518 /* UIView+Responder.swift in Sources */ = {isa = PBXBuildFile; fileRef = 9D9F41C4227367E100A4A518 /* UIView+Responder.swift */; };
		9D9F420A22736BF000A4A518 /* UIViewController+Child.swift in Sources */ = {isa = PBXBuildFile; fileRef = 9D9F41BC227367E100A4A518 /* UIViewController+Child.swift */; };
		9D9F420B22736BF000A4A518 /* UIViewController+Storyboard.swift in Sources */ = {isa = PBXBuildFile; fileRef = 9D9F41BE227367E100A4A518 /* UIViewController+Storyboard.swift */; };
		9D9F420C22736BF000A4A518 /* UIViewController+TopMost.swift in Sources */ = {isa = PBXBuildFile; fileRef = 9D9F41C9227367E100A4A518 /* UIViewController+TopMost.swift */; };
		9D9F420D22736BF000A4A518 /* URL+Optional.swift in Sources */ = {isa = PBXBuildFile; fileRef = 9D9F41BF227367E100A4A518 /* URL+Optional.swift */; };
		9D9F420E22736BF000A4A518 /* Keychain.swift in Sources */ = {isa = PBXBuildFile; fileRef = 9D9F41D1227367E100A4A518 /* Keychain.swift */; };
		9D9F420F22736BF000A4A518 /* Localization.swift in Sources */ = {isa = PBXBuildFile; fileRef = 9D9F41D3227367E100A4A518 /* Localization.swift */; };
/* End PBXBuildFile section */

/* Begin PBXFileReference section */
		9D9F41AA2273676E00A4A518 /* Stella.framework */ = {isa = PBXFileReference; explicitFileType = wrapper.framework; includeInIndex = 0; path = Stella.framework; sourceTree = BUILT_PRODUCTS_DIR; };
		9D9F41AD2273676E00A4A518 /* Stella.h */ = {isa = PBXFileReference; lastKnownFileType = sourcecode.c.h; path = Stella.h; sourceTree = "<group>"; };
		9D9F41AE2273676E00A4A518 /* Info.plist */ = {isa = PBXFileReference; lastKnownFileType = text.plist.xml; path = Info.plist; sourceTree = "<group>"; };
		9D9F41BB227367E100A4A518 /* CALayer+Shadow.swift */ = {isa = PBXFileReference; fileEncoding = 4; lastKnownFileType = sourcecode.swift; path = "CALayer+Shadow.swift"; sourceTree = "<group>"; };
		9D9F41BC227367E100A4A518 /* UIViewController+Child.swift */ = {isa = PBXFileReference; fileEncoding = 4; lastKnownFileType = sourcecode.swift; path = "UIViewController+Child.swift"; sourceTree = "<group>"; };
		9D9F41BD227367E100A4A518 /* Array+Remove.swift */ = {isa = PBXFileReference; fileEncoding = 4; lastKnownFileType = sourcecode.swift; path = "Array+Remove.swift"; sourceTree = "<group>"; };
		9D9F41BE227367E100A4A518 /* UIViewController+Storyboard.swift */ = {isa = PBXFileReference; fileEncoding = 4; lastKnownFileType = sourcecode.swift; path = "UIViewController+Storyboard.swift"; sourceTree = "<group>"; };
		9D9F41BF227367E100A4A518 /* URL+Optional.swift */ = {isa = PBXFileReference; fileEncoding = 4; lastKnownFileType = sourcecode.swift; path = "URL+Optional.swift"; sourceTree = "<group>"; };
		9D9F41C0227367E100A4A518 /* Array+Unique.swift */ = {isa = PBXFileReference; fileEncoding = 4; lastKnownFileType = sourcecode.swift; path = "Array+Unique.swift"; sourceTree = "<group>"; };
		9D9F41C1227367E100A4A518 /* UITableView+Reuse.swift */ = {isa = PBXFileReference; fileEncoding = 4; lastKnownFileType = sourcecode.swift; path = "UITableView+Reuse.swift"; sourceTree = "<group>"; };
		9D9F41C2227367E100A4A518 /* Array+Truncate.swift */ = {isa = PBXFileReference; fileEncoding = 4; lastKnownFileType = sourcecode.swift; path = "Array+Truncate.swift"; sourceTree = "<group>"; };
		9D9F41C3227367E100A4A518 /* UIView+Constraints.swift */ = {isa = PBXFileReference; fileEncoding = 4; lastKnownFileType = sourcecode.swift; path = "UIView+Constraints.swift"; sourceTree = "<group>"; };
		9D9F41C4227367E100A4A518 /* UIView+Responder.swift */ = {isa = PBXFileReference; fileEncoding = 4; lastKnownFileType = sourcecode.swift; path = "UIView+Responder.swift"; sourceTree = "<group>"; };
		9D9F41C5227367E100A4A518 /* Array+Safe.swift */ = {isa = PBXFileReference; fileEncoding = 4; lastKnownFileType = sourcecode.swift; path = "Array+Safe.swift"; sourceTree = "<group>"; };
		9D9F41C6227367E100A4A518 /* Bundle+Versions.swift */ = {isa = PBXFileReference; fileEncoding = 4; lastKnownFileType = sourcecode.swift; path = "Bundle+Versions.swift"; sourceTree = "<group>"; };
		9D9F41C7227367E100A4A518 /* Array+Contains.swift */ = {isa = PBXFileReference; fileEncoding = 4; lastKnownFileType = sourcecode.swift; path = "Array+Contains.swift"; sourceTree = "<group>"; };
		9D9F41C8227367E100A4A518 /* CGFloat+Radians.swift */ = {isa = PBXFileReference; fileEncoding = 4; lastKnownFileType = sourcecode.swift; path = "CGFloat+Radians.swift"; sourceTree = "<group>"; };
		9D9F41C9227367E100A4A518 /* UIViewController+TopMost.swift */ = {isa = PBXFileReference; fileEncoding = 4; lastKnownFileType = sourcecode.swift; path = "UIViewController+TopMost.swift"; sourceTree = "<group>"; };
		9D9F41CA227367E100A4A518 /* UIView+Nib.swift */ = {isa = PBXFileReference; fileEncoding = 4; lastKnownFileType = sourcecode.swift; path = "UIView+Nib.swift"; sourceTree = "<group>"; };
		9D9F41CB227367E100A4A518 /* UIImage+Optional.swift */ = {isa = PBXFileReference; fileEncoding = 4; lastKnownFileType = sourcecode.swift; path = "UIImage+Optional.swift"; sourceTree = "<group>"; };
		9D9F41CC227367E100A4A518 /* UICollectionView+Reuse.swift */ = {isa = PBXFileReference; fileEncoding = 4; lastKnownFileType = sourcecode.swift; path = "UICollectionView+Reuse.swift"; sourceTree = "<group>"; };
		9D9F41CD227367E100A4A518 /* UIStackView+Remove.swift */ = {isa = PBXFileReference; fileEncoding = 4; lastKnownFileType = sourcecode.swift; path = "UIStackView+Remove.swift"; sourceTree = "<group>"; };
		9D9F41CF227367E100A4A518 /* Defaults.swift */ = {isa = PBXFileReference; fileEncoding = 4; lastKnownFileType = sourcecode.swift; path = Defaults.swift; sourceTree = "<group>"; };
		9D9F41D1227367E100A4A518 /* Keychain.swift */ = {isa = PBXFileReference; fileEncoding = 4; lastKnownFileType = sourcecode.swift; path = Keychain.swift; sourceTree = "<group>"; };
		9D9F41D3227367E100A4A518 /* Localization.swift */ = {isa = PBXFileReference; fileEncoding = 4; lastKnownFileType = sourcecode.swift; path = Localization.swift; sourceTree = "<group>"; };
		9D9F41F222736BCF00A4A518 /* Stella.framework */ = {isa = PBXFileReference; explicitFileType = wrapper.framework; includeInIndex = 0; path = Stella.framework; sourceTree = BUILT_PRODUCTS_DIR; };
		9D9F41F422736BD000A4A518 /* Stella_Tv.h */ = {isa = PBXFileReference; lastKnownFileType = sourcecode.c.h; path = Stella_Tv.h; sourceTree = "<group>"; };
		9D9F41F522736BD000A4A518 /* Info.plist */ = {isa = PBXFileReference; lastKnownFileType = text.plist.xml; path = Info.plist; sourceTree = "<group>"; };
/* End PBXFileReference section */

/* Begin PBXFrameworksBuildPhase section */
		9D9F41A72273676E00A4A518 /* Frameworks */ = {
			isa = PBXFrameworksBuildPhase;
			buildActionMask = 2147483647;
			files = (
			);
			runOnlyForDeploymentPostprocessing = 0;
		};
		9D9F41EF22736BCF00A4A518 /* Frameworks */ = {
			isa = PBXFrameworksBuildPhase;
			buildActionMask = 2147483647;
			files = (
			);
			runOnlyForDeploymentPostprocessing = 0;
		};
/* End PBXFrameworksBuildPhase section */

/* Begin PBXGroup section */
		9D9F41A02273676E00A4A518 = {
			isa = PBXGroup;
			children = (
				9D9F41AC2273676E00A4A518 /* Stella */,
				9D9F41F322736BD000A4A518 /* Stella Tv */,
				9D9F41AB2273676E00A4A518 /* Products */,
			);
			sourceTree = "<group>";
		};
		9D9F41AB2273676E00A4A518 /* Products */ = {
			isa = PBXGroup;
			children = (
				9D9F41AA2273676E00A4A518 /* Stella.framework */,
				9D9F41F222736BCF00A4A518 /* Stella.framework */,
			);
			name = Products;
			sourceTree = "<group>";
		};
		9D9F41AC2273676E00A4A518 /* Stella */ = {
			isa = PBXGroup;
			children = (
				9D9F41AD2273676E00A4A518 /* Stella.h */,
				9D9F41B9227367E100A4A518 /* Sources */,
				9D9F41EA227367E300A4A518 /* Supporting Files */,
			);
			path = Stella;
			sourceTree = "<group>";
		};
		9D9F41B9227367E100A4A518 /* Sources */ = {
			isa = PBXGroup;
			children = (
				9D9F41CE227367E100A4A518 /* Defaults */,
				9D9F41BA227367E100A4A518 /* Extensions */,
				9D9F41D0227367E100A4A518 /* Keychain */,
				9D9F41D2227367E100A4A518 /* Localization */,
			);
			name = Sources;
			path = ../../Sources;
			sourceTree = "<group>";
		};
		9D9F41BA227367E100A4A518 /* Extensions */ = {
			isa = PBXGroup;
			children = (
				9D9F41C7227367E100A4A518 /* Array+Contains.swift */,
				9D9F41BD227367E100A4A518 /* Array+Remove.swift */,
				9D9F41C5227367E100A4A518 /* Array+Safe.swift */,
				9D9F41C2227367E100A4A518 /* Array+Truncate.swift */,
				9D9F41C0227367E100A4A518 /* Array+Unique.swift */,
				9D9F41C6227367E100A4A518 /* Bundle+Versions.swift */,
				9D9F41BB227367E100A4A518 /* CALayer+Shadow.swift */,
				9D9F41C8227367E100A4A518 /* CGFloat+Radians.swift */,
				9D9F41CC227367E100A4A518 /* UICollectionView+Reuse.swift */,
				9D9F41CB227367E100A4A518 /* UIImage+Optional.swift */,
				9D9F41CD227367E100A4A518 /* UIStackView+Remove.swift */,
				9D9F41C1227367E100A4A518 /* UITableView+Reuse.swift */,
				9D9F41C3227367E100A4A518 /* UIView+Constraints.swift */,
				9D9F41CA227367E100A4A518 /* UIView+Nib.swift */,
				9D9F41C4227367E100A4A518 /* UIView+Responder.swift */,
				9D9F41BC227367E100A4A518 /* UIViewController+Child.swift */,
				9D9F41BE227367E100A4A518 /* UIViewController+Storyboard.swift */,
				9D9F41C9227367E100A4A518 /* UIViewController+TopMost.swift */,
				9D9F41BF227367E100A4A518 /* URL+Optional.swift */,
			);
			path = Extensions;
			sourceTree = "<group>";
		};
		9D9F41CE227367E100A4A518 /* Defaults */ = {
			isa = PBXGroup;
			children = (
				9D9F41CF227367E100A4A518 /* Defaults.swift */,
			);
			path = Defaults;
			sourceTree = "<group>";
		};
		9D9F41D0227367E100A4A518 /* Keychain */ = {
			isa = PBXGroup;
			children = (
				9D9F41D1227367E100A4A518 /* Keychain.swift */,
			);
			path = Keychain;
			sourceTree = "<group>";
		};
		9D9F41D2227367E100A4A518 /* Localization */ = {
			isa = PBXGroup;
			children = (
				9D9F41D3227367E100A4A518 /* Localization.swift */,
			);
			path = Localization;
			sourceTree = "<group>";
		};
		9D9F41EA227367E300A4A518 /* Supporting Files */ = {
			isa = PBXGroup;
			children = (
				9D9F41AE2273676E00A4A518 /* Info.plist */,
			);
			path = "Supporting Files";
			sourceTree = "<group>";
		};
		9D9F41F322736BD000A4A518 /* Stella Tv */ = {
			isa = PBXGroup;
			children = (
				9D9F41F422736BD000A4A518 /* Stella_Tv.h */,
				9D9F41F522736BD000A4A518 /* Info.plist */,
			);
			path = "Stella Tv";
			sourceTree = "<group>";
		};
/* End PBXGroup section */

/* Begin PBXHeadersBuildPhase section */
		9D9F41A52273676E00A4A518 /* Headers */ = {
			isa = PBXHeadersBuildPhase;
			buildActionMask = 2147483647;
			files = (
				9D9F41AF2273676E00A4A518 /* Stella.h in Headers */,
			);
			runOnlyForDeploymentPostprocessing = 0;
		};
		9D9F41ED22736BCF00A4A518 /* Headers */ = {
			isa = PBXHeadersBuildPhase;
			buildActionMask = 2147483647;
			files = (
				9D9F41F622736BD000A4A518 /* Stella_Tv.h in Headers */,
			);
			runOnlyForDeploymentPostprocessing = 0;
		};
/* End PBXHeadersBuildPhase section */

/* Begin PBXNativeTarget section */
		9D9F41A92273676E00A4A518 /* Stella */ = {
			isa = PBXNativeTarget;
			buildConfigurationList = 9D9F41B22273676E00A4A518 /* Build configuration list for PBXNativeTarget "Stella" */;
			buildPhases = (
				9D9F41A52273676E00A4A518 /* Headers */,
				9D9F41A62273676E00A4A518 /* Sources */,
				9D9F41A72273676E00A4A518 /* Frameworks */,
				9D9F41A82273676E00A4A518 /* Resources */,
			);
			buildRules = (
			);
			dependencies = (
			);
			name = Stella;
			productName = Stella;
			productReference = 9D9F41AA2273676E00A4A518 /* Stella.framework */;
			productType = "com.apple.product-type.framework";
		};
		9D9F41F122736BCF00A4A518 /* Stella Tv */ = {
			isa = PBXNativeTarget;
			buildConfigurationList = 9D9F41F722736BD000A4A518 /* Build configuration list for PBXNativeTarget "Stella Tv" */;
			buildPhases = (
				9D9F41ED22736BCF00A4A518 /* Headers */,
				9D9F41EE22736BCF00A4A518 /* Sources */,
				9D9F41EF22736BCF00A4A518 /* Frameworks */,
				9D9F41F022736BCF00A4A518 /* Resources */,
			);
			buildRules = (
			);
			dependencies = (
			);
			name = "Stella Tv";
			productName = "Stella Tv";
			productReference = 9D9F41F222736BCF00A4A518 /* Stella.framework */;
			productType = "com.apple.product-type.framework";
		};
/* End PBXNativeTarget section */

/* Begin PBXProject section */
		9D9F41A12273676E00A4A518 /* Project object */ = {
			isa = PBXProject;
			attributes = {
				LastUpgradeCheck = 1020;
				ORGANIZATIONNAME = iCapps;
				TargetAttributes = {
					9D9F41A92273676E00A4A518 = {
						CreatedOnToolsVersion = 10.2.1;
					};
					9D9F41F122736BCF00A4A518 = {
						CreatedOnToolsVersion = 10.2.1;
					};
				};
			};
			buildConfigurationList = 9D9F41A42273676E00A4A518 /* Build configuration list for PBXProject "Stella" */;
			compatibilityVersion = "Xcode 9.3";
			developmentRegion = en;
			hasScannedForEncodings = 0;
			knownRegions = (
				en,
			);
			mainGroup = 9D9F41A02273676E00A4A518;
			productRefGroup = 9D9F41AB2273676E00A4A518 /* Products */;
			projectDirPath = "";
			projectRoot = "";
			targets = (
				9D9F41A92273676E00A4A518 /* Stella */,
				9D9F41F122736BCF00A4A518 /* Stella Tv */,
			);
		};
/* End PBXProject section */

/* Begin PBXResourcesBuildPhase section */
		9D9F41A82273676E00A4A518 /* Resources */ = {
			isa = PBXResourcesBuildPhase;
			buildActionMask = 2147483647;
			files = (
			);
			runOnlyForDeploymentPostprocessing = 0;
		};
		9D9F41F022736BCF00A4A518 /* Resources */ = {
			isa = PBXResourcesBuildPhase;
			buildActionMask = 2147483647;
			files = (
			);
			runOnlyForDeploymentPostprocessing = 0;
		};
/* End PBXResourcesBuildPhase section */

/* Begin PBXSourcesBuildPhase section */
		9D9F41A62273676E00A4A518 /* Sources */ = {
			isa = PBXSourcesBuildPhase;
			buildActionMask = 2147483647;
			files = (
				9D9F41E0227367E100A4A518 /* Array+Contains.swift in Sources */,
				9D9F41DA227367E100A4A518 /* UITableView+Reuse.swift in Sources */,
				9D9F41E2227367E100A4A518 /* UIViewController+TopMost.swift in Sources */,
				9D9F41D9227367E100A4A518 /* Array+Unique.swift in Sources */,
				9D9F41E4227367E100A4A518 /* UIImage+Optional.swift in Sources */,
				9D9F41D4227367E100A4A518 /* CALayer+Shadow.swift in Sources */,
				9D9F41E6227367E100A4A518 /* UIStackView+Remove.swift in Sources */,
				9D9F41DC227367E100A4A518 /* UIView+Constraints.swift in Sources */,
				9D9F41E1227367E100A4A518 /* CGFloat+Radians.swift in Sources */,
				9D9F41D6227367E100A4A518 /* Array+Remove.swift in Sources */,
				9D9F41E3227367E100A4A518 /* UIView+Nib.swift in Sources */,
				9D9F41D8227367E100A4A518 /* URL+Optional.swift in Sources */,
				9D9F41E9227367E100A4A518 /* Localization.swift in Sources */,
				9D9F41DF227367E100A4A518 /* Bundle+Versions.swift in Sources */,
				9D9F41D5227367E100A4A518 /* UIViewController+Child.swift in Sources */,
				9D9F41D7227367E100A4A518 /* UIViewController+Storyboard.swift in Sources */,
				9D9F41DB227367E100A4A518 /* Array+Truncate.swift in Sources */,
				9D9F41E5227367E100A4A518 /* UICollectionView+Reuse.swift in Sources */,
				9D9F41E7227367E100A4A518 /* Defaults.swift in Sources */,
				9D9F41DE227367E100A4A518 /* Array+Safe.swift in Sources */,
				9D9F41DD227367E100A4A518 /* UIView+Responder.swift in Sources */,
				9D9F41E8227367E100A4A518 /* Keychain.swift in Sources */,
			);
			runOnlyForDeploymentPostprocessing = 0;
		};
		9D9F41EE22736BCF00A4A518 /* Sources */ = {
			isa = PBXSourcesBuildPhase;
			buildActionMask = 2147483647;
			files = (
				9D9F41FA22736BF000A4A518 /* Defaults.swift in Sources */,
				9D9F41FB22736BF000A4A518 /* Array+Contains.swift in Sources */,
				9D9F41FC22736BF000A4A518 /* Array+Remove.swift in Sources */,
				9D9F41FD22736BF000A4A518 /* Array+Safe.swift in Sources */,
				9D9F41FE22736BF000A4A518 /* Array+Truncate.swift in Sources */,
				9D9F41FF22736BF000A4A518 /* Array+Unique.swift in Sources */,
				9D9F420022736BF000A4A518 /* Bundle+Versions.swift in Sources */,
				9D9F420122736BF000A4A518 /* CALayer+Shadow.swift in Sources */,
				9D9F420222736BF000A4A518 /* CGFloat+Radians.swift in Sources */,
				9D9F420322736BF000A4A518 /* UICollectionView+Reuse.swift in Sources */,
				9D9F420422736BF000A4A518 /* UIImage+Optional.swift in Sources */,
				9D9F420522736BF000A4A518 /* UIStackView+Remove.swift in Sources */,
				9D9F420622736BF000A4A518 /* UITableView+Reuse.swift in Sources */,
				9D9F420722736BF000A4A518 /* UIView+Constraints.swift in Sources */,
				9D9F420822736BF000A4A518 /* UIView+Nib.swift in Sources */,
				9D9F420922736BF000A4A518 /* UIView+Responder.swift in Sources */,
				9D9F420A22736BF000A4A518 /* UIViewController+Child.swift in Sources */,
				9D9F420B22736BF000A4A518 /* UIViewController+Storyboard.swift in Sources */,
				9D9F420C22736BF000A4A518 /* UIViewController+TopMost.swift in Sources */,
				9D9F420D22736BF000A4A518 /* URL+Optional.swift in Sources */,
				9D9F420E22736BF000A4A518 /* Keychain.swift in Sources */,
				9D9F420F22736BF000A4A518 /* Localization.swift in Sources */,
			);
			runOnlyForDeploymentPostprocessing = 0;
		};
/* End PBXSourcesBuildPhase section */

/* Begin XCBuildConfiguration section */
		9D9F41B02273676E00A4A518 /* Debug */ = {
			isa = XCBuildConfiguration;
			buildSettings = {
				ALWAYS_SEARCH_USER_PATHS = NO;
				CLANG_ANALYZER_NONNULL = YES;
				CLANG_ANALYZER_NUMBER_OBJECT_CONVERSION = YES_AGGRESSIVE;
				CLANG_CXX_LANGUAGE_STANDARD = "gnu++14";
				CLANG_CXX_LIBRARY = "libc++";
				CLANG_ENABLE_MODULES = YES;
				CLANG_ENABLE_OBJC_ARC = YES;
				CLANG_ENABLE_OBJC_WEAK = YES;
				CLANG_WARN_BLOCK_CAPTURE_AUTORELEASING = YES;
				CLANG_WARN_BOOL_CONVERSION = YES;
				CLANG_WARN_COMMA = YES;
				CLANG_WARN_CONSTANT_CONVERSION = YES;
				CLANG_WARN_DEPRECATED_OBJC_IMPLEMENTATIONS = YES;
				CLANG_WARN_DIRECT_OBJC_ISA_USAGE = YES_ERROR;
				CLANG_WARN_DOCUMENTATION_COMMENTS = YES;
				CLANG_WARN_EMPTY_BODY = YES;
				CLANG_WARN_ENUM_CONVERSION = YES;
				CLANG_WARN_INFINITE_RECURSION = YES;
				CLANG_WARN_INT_CONVERSION = YES;
				CLANG_WARN_NON_LITERAL_NULL_CONVERSION = YES;
				CLANG_WARN_OBJC_IMPLICIT_RETAIN_SELF = YES;
				CLANG_WARN_OBJC_LITERAL_CONVERSION = YES;
				CLANG_WARN_OBJC_ROOT_CLASS = YES_ERROR;
				CLANG_WARN_RANGE_LOOP_ANALYSIS = YES;
				CLANG_WARN_STRICT_PROTOTYPES = YES;
				CLANG_WARN_SUSPICIOUS_MOVE = YES;
				CLANG_WARN_UNGUARDED_AVAILABILITY = YES_AGGRESSIVE;
				CLANG_WARN_UNREACHABLE_CODE = YES;
				CLANG_WARN__DUPLICATE_METHOD_MATCH = YES;
				CODE_SIGN_IDENTITY = "iPhone Developer";
				COPY_PHASE_STRIP = NO;
				CURRENT_PROJECT_VERSION = 1;
				DEBUG_INFORMATION_FORMAT = dwarf;
				ENABLE_STRICT_OBJC_MSGSEND = YES;
				ENABLE_TESTABILITY = YES;
				GCC_C_LANGUAGE_STANDARD = gnu11;
				GCC_DYNAMIC_NO_PIC = NO;
				GCC_NO_COMMON_BLOCKS = YES;
				GCC_OPTIMIZATION_LEVEL = 0;
				GCC_PREPROCESSOR_DEFINITIONS = (
					"DEBUG=1",
					"$(inherited)",
				);
				GCC_WARN_64_TO_32_BIT_CONVERSION = YES;
				GCC_WARN_ABOUT_RETURN_TYPE = YES_ERROR;
				GCC_WARN_UNDECLARED_SELECTOR = YES;
				GCC_WARN_UNINITIALIZED_AUTOS = YES_AGGRESSIVE;
				GCC_WARN_UNUSED_FUNCTION = YES;
				GCC_WARN_UNUSED_VARIABLE = YES;
				IPHONEOS_DEPLOYMENT_TARGET = 12.2;
				MTL_ENABLE_DEBUG_INFO = INCLUDE_SOURCE;
				MTL_FAST_MATH = YES;
				ONLY_ACTIVE_ARCH = YES;
				SDKROOT = iphoneos;
				SWIFT_ACTIVE_COMPILATION_CONDITIONS = DEBUG;
				SWIFT_OPTIMIZATION_LEVEL = "-Onone";
				VERSIONING_SYSTEM = "apple-generic";
				VERSION_INFO_PREFIX = "";
			};
			name = Debug;
		};
		9D9F41B12273676E00A4A518 /* Release */ = {
			isa = XCBuildConfiguration;
			buildSettings = {
				ALWAYS_SEARCH_USER_PATHS = NO;
				CLANG_ANALYZER_NONNULL = YES;
				CLANG_ANALYZER_NUMBER_OBJECT_CONVERSION = YES_AGGRESSIVE;
				CLANG_CXX_LANGUAGE_STANDARD = "gnu++14";
				CLANG_CXX_LIBRARY = "libc++";
				CLANG_ENABLE_MODULES = YES;
				CLANG_ENABLE_OBJC_ARC = YES;
				CLANG_ENABLE_OBJC_WEAK = YES;
				CLANG_WARN_BLOCK_CAPTURE_AUTORELEASING = YES;
				CLANG_WARN_BOOL_CONVERSION = YES;
				CLANG_WARN_COMMA = YES;
				CLANG_WARN_CONSTANT_CONVERSION = YES;
				CLANG_WARN_DEPRECATED_OBJC_IMPLEMENTATIONS = YES;
				CLANG_WARN_DIRECT_OBJC_ISA_USAGE = YES_ERROR;
				CLANG_WARN_DOCUMENTATION_COMMENTS = YES;
				CLANG_WARN_EMPTY_BODY = YES;
				CLANG_WARN_ENUM_CONVERSION = YES;
				CLANG_WARN_INFINITE_RECURSION = YES;
				CLANG_WARN_INT_CONVERSION = YES;
				CLANG_WARN_NON_LITERAL_NULL_CONVERSION = YES;
				CLANG_WARN_OBJC_IMPLICIT_RETAIN_SELF = YES;
				CLANG_WARN_OBJC_LITERAL_CONVERSION = YES;
				CLANG_WARN_OBJC_ROOT_CLASS = YES_ERROR;
				CLANG_WARN_RANGE_LOOP_ANALYSIS = YES;
				CLANG_WARN_STRICT_PROTOTYPES = YES;
				CLANG_WARN_SUSPICIOUS_MOVE = YES;
				CLANG_WARN_UNGUARDED_AVAILABILITY = YES_AGGRESSIVE;
				CLANG_WARN_UNREACHABLE_CODE = YES;
				CLANG_WARN__DUPLICATE_METHOD_MATCH = YES;
				CODE_SIGN_IDENTITY = "iPhone Developer";
				COPY_PHASE_STRIP = NO;
				CURRENT_PROJECT_VERSION = 1;
				DEBUG_INFORMATION_FORMAT = "dwarf-with-dsym";
				ENABLE_NS_ASSERTIONS = NO;
				ENABLE_STRICT_OBJC_MSGSEND = YES;
				GCC_C_LANGUAGE_STANDARD = gnu11;
				GCC_NO_COMMON_BLOCKS = YES;
				GCC_WARN_64_TO_32_BIT_CONVERSION = YES;
				GCC_WARN_ABOUT_RETURN_TYPE = YES_ERROR;
				GCC_WARN_UNDECLARED_SELECTOR = YES;
				GCC_WARN_UNINITIALIZED_AUTOS = YES_AGGRESSIVE;
				GCC_WARN_UNUSED_FUNCTION = YES;
				GCC_WARN_UNUSED_VARIABLE = YES;
				IPHONEOS_DEPLOYMENT_TARGET = 12.2;
				MTL_ENABLE_DEBUG_INFO = NO;
				MTL_FAST_MATH = YES;
				SDKROOT = iphoneos;
				SWIFT_COMPILATION_MODE = wholemodule;
				SWIFT_OPTIMIZATION_LEVEL = "-O";
				VALIDATE_PRODUCT = YES;
				VERSIONING_SYSTEM = "apple-generic";
				VERSION_INFO_PREFIX = "";
			};
			name = Release;
		};
		9D9F41B32273676E00A4A518 /* Debug */ = {
			isa = XCBuildConfiguration;
			buildSettings = {
				APPLICATION_EXTENSION_API_ONLY = YES;
				CODE_SIGN_IDENTITY = "";
				CODE_SIGN_STYLE = Automatic;
				DEFINES_MODULE = YES;
				DEVELOPMENT_TEAM = SCZPF223NC;
				DYLIB_COMPATIBILITY_VERSION = 1;
				DYLIB_CURRENT_VERSION = 1;
				DYLIB_INSTALL_NAME_BASE = "@rpath";
				INFOPLIST_FILE = "$(SRCROOT)/Stella/Supporting Files/Info.plist";
				INSTALL_PATH = "$(LOCAL_LIBRARY_DIR)/Frameworks";
				IPHONEOS_DEPLOYMENT_TARGET = 9.0;
				LD_RUNPATH_SEARCH_PATHS = (
					"$(inherited)",
					"@executable_path/Frameworks",
					"@loader_path/Frameworks",
				);
				PRODUCT_BUNDLE_IDENTIFIER = com.icapps.stella;
				PRODUCT_NAME = "$(TARGET_NAME:c99extidentifier)";
				SKIP_INSTALL = YES;
				SWIFT_VERSION = 4.2;
				TARGETED_DEVICE_FAMILY = "1,2";
			};
			name = Debug;
		};
		9D9F41B42273676E00A4A518 /* Release */ = {
			isa = XCBuildConfiguration;
			buildSettings = {
				APPLICATION_EXTENSION_API_ONLY = YES;
				CODE_SIGN_IDENTITY = "";
				CODE_SIGN_STYLE = Automatic;
				DEFINES_MODULE = YES;
				DEVELOPMENT_TEAM = SCZPF223NC;
				DYLIB_COMPATIBILITY_VERSION = 1;
				DYLIB_CURRENT_VERSION = 1;
				DYLIB_INSTALL_NAME_BASE = "@rpath";
				INFOPLIST_FILE = "$(SRCROOT)/Stella/Supporting Files/Info.plist";
				INSTALL_PATH = "$(LOCAL_LIBRARY_DIR)/Frameworks";
				IPHONEOS_DEPLOYMENT_TARGET = 9.0;
				LD_RUNPATH_SEARCH_PATHS = (
					"$(inherited)",
					"@executable_path/Frameworks",
					"@loader_path/Frameworks",
				);
				PRODUCT_BUNDLE_IDENTIFIER = com.icapps.stella;
				PRODUCT_NAME = "$(TARGET_NAME:c99extidentifier)";
				SKIP_INSTALL = YES;
				SWIFT_VERSION = 4.2;
				TARGETED_DEVICE_FAMILY = "1,2";
			};
			name = Release;
		};
		9D9F41F822736BD000A4A518 /* Debug */ = {
			isa = XCBuildConfiguration;
			buildSettings = {
				APPLICATION_EXTENSION_API_ONLY = YES;
				CODE_SIGN_IDENTITY = "";
				CODE_SIGN_STYLE = Automatic;
				DEFINES_MODULE = YES;
				DEVELOPMENT_TEAM = SCZPF223NC;
				DYLIB_COMPATIBILITY_VERSION = 1;
				DYLIB_CURRENT_VERSION = 1;
				DYLIB_INSTALL_NAME_BASE = "@rpath";
				INFOPLIST_FILE = "Stella Tv/Info.plist";
				INSTALL_PATH = "$(LOCAL_LIBRARY_DIR)/Frameworks";
				LD_RUNPATH_SEARCH_PATHS = (
					"$(inherited)",
					"@executable_path/Frameworks",
					"@loader_path/Frameworks",
				);
				PRODUCT_BUNDLE_IDENTIFIER = "com.icapps.stella.Stella-Tv";
				PRODUCT_NAME = Stella;
				SDKROOT = appletvos;
				SKIP_INSTALL = YES;
				SWIFT_VERSION = 5.0;
				TARGETED_DEVICE_FAMILY = 3;
				TVOS_DEPLOYMENT_TARGET = 10.0;
			};
			name = Debug;
		};
		9D9F41F922736BD000A4A518 /* Release */ = {
			isa = XCBuildConfiguration;
			buildSettings = {
				APPLICATION_EXTENSION_API_ONLY = YES;
				CODE_SIGN_IDENTITY = "";
				CODE_SIGN_STYLE = Automatic;
				DEFINES_MODULE = YES;
				DEVELOPMENT_TEAM = SCZPF223NC;
				DYLIB_COMPATIBILITY_VERSION = 1;
				DYLIB_CURRENT_VERSION = 1;
				DYLIB_INSTALL_NAME_BASE = "@rpath";
				INFOPLIST_FILE = "Stella Tv/Info.plist";
				INSTALL_PATH = "$(LOCAL_LIBRARY_DIR)/Frameworks";
				LD_RUNPATH_SEARCH_PATHS = (
					"$(inherited)",
					"@executable_path/Frameworks",
					"@loader_path/Frameworks",
				);
				PRODUCT_BUNDLE_IDENTIFIER = "com.icapps.stella.Stella-Tv";
				PRODUCT_NAME = Stella;
				SDKROOT = appletvos;
				SKIP_INSTALL = YES;
				SWIFT_VERSION = 5.0;
				TARGETED_DEVICE_FAMILY = 3;
				TVOS_DEPLOYMENT_TARGET = 10.0;
			};
			name = Release;
		};
/* End XCBuildConfiguration section */

/* Begin XCConfigurationList section */
		9D9F41A42273676E00A4A518 /* Build configuration list for PBXProject "Stella" */ = {
			isa = XCConfigurationList;
			buildConfigurations = (
				9D9F41B02273676E00A4A518 /* Debug */,
				9D9F41B12273676E00A4A518 /* Release */,
			);
			defaultConfigurationIsVisible = 0;
			defaultConfigurationName = Release;
		};
		9D9F41B22273676E00A4A518 /* Build configuration list for PBXNativeTarget "Stella" */ = {
			isa = XCConfigurationList;
			buildConfigurations = (
				9D9F41B32273676E00A4A518 /* Debug */,
				9D9F41B42273676E00A4A518 /* Release */,
			);
			defaultConfigurationIsVisible = 0;
			defaultConfigurationName = Release;
		};
		9D9F41F722736BD000A4A518 /* Build configuration list for PBXNativeTarget "Stella Tv" */ = {
			isa = XCConfigurationList;
			buildConfigurations = (
				9D9F41F822736BD000A4A518 /* Debug */,
				9D9F41F922736BD000A4A518 /* Release */,
			);
			defaultConfigurationIsVisible = 0;
			defaultConfigurationName = Release;
		};
/* End XCConfigurationList section */
	};
	rootObject = 9D9F41A12273676E00A4A518 /* Project object */;
}
